
Terraform used the selected providers to generate the following execution
plan. Resource actions are indicated with the following symbols:
+   create

Terraform will perform the following actions:

  # grafana_api_key.terraform will be created
+   resource "grafana_api_key" "terraform" {
+       cloud_stack_slug = "ishanterraformdam"
+       expiration       = (known after apply)
+       id               = (known after apply)
+       key              = (sensitive value)
+       name             = "terraform"
+       role             = "Admin"
    }

  # grafana_cloud_stack.ishanterraformde will be created
+   resource "grafana_cloud_stack" "ishanterraformde" {
+       alertmanager_name                = (known after apply)
+       alertmanager_status              = (known after apply)
+       alertmanager_url                 = (known after apply)
+       alertmanager_user_id             = (known after apply)
+       id                               = (known after apply)
+       logs_name                        = (known after apply)
+       logs_status                      = (known after apply)
+       logs_url                         = (known after apply)
+       logs_user_id                     = (known after apply)
+       name                             = "ishanterraformdam"
+       org_id                           = (known after apply)
+       org_name                         = (known after apply)
+       org_slug                         = (known after apply)
+       prometheus_name                  = (known after apply)
+       prometheus_remote_endpoint       = (known after apply)
+       prometheus_remote_write_endpoint = (known after apply)
+       prometheus_status                = (known after apply)
+       prometheus_url                   = (known after apply)
+       prometheus_user_id               = (known after apply)
+       region_slug                      = "us"
+       slug                             = "ishanterraformdam"
+       status                           = (known after apply)
+       url                              = (known after apply)
+       wait_for_readiness               = true
    }

  # grafana_dashboard.influxdb will be created
+   resource "grafana_dashboard" "influxdb" {
+       config_json  = jsonencode(
            {
+               annotations          = {
+                   list = [
+                       {
+                           builtIn    = 1
+                           datasource = {
+                               type = "grafana"
+                               uid  = "-- Grafana --"
                            }
+                           enable     = true
+                           hide       = true
+                           iconColor  = "rgba(0, 211, 255, 1)"
+                           name       = "Annotations & Alerts"
+                           target     = {
+                               limit    = 100
+                               matchAny = false
+                               tags     = []
+                               type     = "dashboard"
                            }
+                           type       = "dashboard"
                        },
                    ]
                }
+               editable             = true
+               fiscalYearStartMonth = 0
+               graphTooltip         = 0
+               links                = []
+               liveNow              = false
+               panels               = [
+                   {
+                       datasource  = {
+                           type = "influxdb"
+                           uid  = "xLNPLcX7z"
                        }
+                       description = "Air sensor sample data from InfluxDB https://docs.influxdata.com/influxdb/cloud/reference/sample-data/#air-sensor-sample-data"
+                       fieldConfig = {
+                           defaults  = {
+                               color      = {
+                                   mode = "palette-classic"
                                }
+                               custom     = {
+                                   axisLabel         = ""
+                                   axisPlacement     = "auto"
+                                   barAlignment      = 0
+                                   drawStyle         = "line"
+                                   fillOpacity       = 0
+                                   gradientMode      = "none"
+                                   hideFrom          = {
+                                       legend  = false
+                                       tooltip = false
+                                       viz     = false
                                    }
+                                   lineInterpolation = "linear"
+                                   lineStyle         = {
+                                       fill = "solid"
                                    }
+                                   lineWidth         = 1
+                                   pointSize         = 5
+                                   scaleDistribution = {
+                                       type = "linear"
                                    }
+                                   showPoints        = "auto"
+                                   spanNulls         = false
+                                   stacking          = {
+                                       group = "A"
+                                       mode  = "none"
                                    }
+                                   thresholdsStyle   = {
+                                       mode = "off"
                                    }
                                }
+                               mappings   = []
+                               thresholds = {
+                                   mode  = "absolute"
+                                   steps = [
+                                       {
+                                           color = "green"
+                                           value = null
                                        },
+                                       {
+                                           color = "red"
+                                           value = 80
                                        },
                                    ]
                                }
                            }
+                           overrides = [
+                               {
+                                   __systemRef = "hideSeriesFrom"
+                                   matcher     = {
+                                       id      = "byNames"
+                                       options = {
+                                           mode     = "exclude"
+                                           names    = [
+                                               "co TLM0102",
                                            ]
+                                           prefix   = "All except:"
+                                           readOnly = true
                                        }
                                    }
+                                   properties  = [
+                                       {
+                                           id    = "custom.hideFrom"
+                                           value = {
+                                               legend  = false
+                                               tooltip = false
+                                               viz     = true
                                            }
                                        },
                                    ]
                                },
                            ]
                        }
+                       gridPos     = {
+                           h = 17
+                           w = 24
+                           x = 0
+                           y = 0
                        }
+                       options     = {
+                           legend  = {
+                               calcs       = []
+                               displayMode = "list"
+                               placement   = "bottom"
                            }
+                           tooltip = {
+                               mode = "single"
+                               sort = "none"
                            }
                        }
+                       targets     = [
+                           {
+                               datasource = {
+                                   type = "influxdb"
+                                   uid  = "xLNPLcX7z"
                                }
+                               query      = <<-EOT
                                    import "influxdata/influxdb/sample"
                                    sample.data(set: "airSensor")
                                    	|> range(start: v.timeRangeStart, stop: v.timeRangeStop)
                                      |> filter(fn: (r) => r["_measurement"] == "airSensors")
                                      |> filter(fn: (r) => r["_field"] == "temperature" or r["_field"] == "humidity" or r["_field"] == "co")
                                EOT
+                               refId      = "A"
                            },
                        ]
+                       title       = "Air Sensors"
+                       type        = "timeseries"
                    },
                ]
+               refresh              = false
+               schemaVersion        = 36
+               style                = "dark"
+               tags                 = []
+               templating           = {
+                   list = []
                }
+               time                 = {
+                   from = "2022-06-21T17:05:46.978Z"
+                   to   = "2022-06-21T17:53:35.857Z"
                }
+               timepicker           = {}
+               timezone             = ""
+               title                = "InfluxDB Cloud Demos"
+               uid                  = "9uim8cunk"
+               weekStart            = ""
            }
        )
+       dashboard_id = (known after apply)
+       folder       = (known after apply)
+       id           = (known after apply)
+       slug         = (known after apply)
+       uid          = (known after apply)
+       url          = (known after apply)
+       version      = (known after apply)
    }

  # grafana_data_source.influxdb will be created
+   resource "grafana_data_source" "influxdb" {
+       access_mode        = "proxy"
+       basic_auth_enabled = false
+       database_name      = "test"
+       id                 = (known after apply)
+       is_default         = false
+       name               = "influxdb"
+       password           = (sensitive value)
+       type               = "influxdb"
+       uid                = (known after apply)
+       url                = "https://influxdb.test.com"
+       username           = "username"
    }

  # grafana_folder.Demos will be created
+   resource "grafana_folder" "Demos" {
+       id    = (known after apply)
+       title = "Demos"
+       uid   = "12345"
+       url   = (known after apply)
    }

Plan: 5 to add, 0 to change, 0 to destroy.

